
Microsoft Visual Studio Solution File, Format Version 9.00
# Visual Studio 2005
Project("{FAE04EC0-301F-11D3-BF4B-00C04F79EFBC}") = "drools.dotnet.examples", "drools.dotnet.examples\drools.dotnet.examples.csproj", "{CCC9C9F8-19D2-4052-AABF-40C37E204F97}"
EndProject
Project("{FAE04EC0-301F-11D3-BF4B-00C04F79EFBC}") = "drools.dotnet", "drools.dotnet\drools.dotnet.csproj", "{03CF07A9-B4C7-4D83-8BCF-69FCE844FAC2}"
EndProject
Project("{FAE04EC0-301F-11D3-BF4B-00C04F79EFBC}") = "ProjectForProfiling", "ProjectForProfiling\ProjectForProfiling.csproj", "{64A41D21-A780-4338-A48E-FC03A447530C}"
EndProject
Global
	GlobalSection(SolutionConfigurationPlatforms) = preSolution
		Debug|Any CPU = Debug|Any CPU
		Release|Any CPU = Release|Any CPU
	EndGlobalSection
	GlobalSection(ProjectConfigurationPlatforms) = postSolution
		{CCC9C9F8-19D2-4052-AABF-40C37E204F97}.Debug|Any CPU.ActiveCfg = Debug|Any CPU
		{CCC9C9F8-19D2-4052-AABF-40C37E204F97}.Debug|Any CPU.Build.0 = Debug|Any CPU
		{CCC9C9F8-19D2-4052-AABF-40C37E204F97}.Release|Any CPU.ActiveCfg = Release|Any CPU
		{CCC9C9F8-19D2-4052-AABF-40C37E204F97}.Release|Any CPU.Build.0 = Release|Any CPU
		{03CF07A9-B4C7-4D83-8BCF-69FCE844FAC2}.Debug|Any CPU.ActiveCfg = Debug|Any CPU
		{03CF07A9-B4C7-4D83-8BCF-69FCE844FAC2}.Debug|Any CPU.Build.0 = Debug|Any CPU
		{03CF07A9-B4C7-4D83-8BCF-69FCE844FAC2}.Release|Any CPU.ActiveCfg = Release|Any CPU
		{03CF07A9-B4C7-4D83-8BCF-69FCE844FAC2}.Release|Any CPU.Build.0 = Release|Any CPU
		{64A41D21-A780-4338-A48E-FC03A447530C}.Debug|Any CPU.ActiveCfg = Debug|Any CPU
		{64A41D21-A780-4338-A48E-FC03A447530C}.Debug|Any CPU.Build.0 = Debug|Any CPU
		{64A41D21-A780-4338-A48E-FC03A447530C}.Release|Any CPU.ActiveCfg = Release|Any CPU
		{64A41D21-A780-4338-A48E-FC03A447530C}.Release|Any CPU.Build.0 = Release|Any CPU
	EndGlobalSection
	GlobalSection(SolutionProperties) = preSolution
		HideSolutionNode = FALSE
	EndGlobalSection
EndGlobal
